
Microsoft Visual Studio Solution File, Format Version 12.00
# Visual Studio Version 17
VisualStudioVersion = 17.2.32526.322
MinimumVisualStudioVersion = 10.0.40219.1
Project("{F184B08F-C81C-45F6-A57F-5ABD9991F28F}") = "ConsoleApp2", "ConsoleApp2.vbproj", "{93AD0514-8CB0-47C2-B18E-44E283FD09E5}"
EndProject
Global
	GlobalSection(SolutionConfigurationPlatforms) = preSolution
		Debug|Any CPU = Debug|Any CPU
		Release|Any CPU = Release|Any CPU
	EndGlobalSection
	GlobalSection(ProjectConfigurationPlatforms) = postSolution
		{93AD0514-8CB0-47C2-B18E-44E283FD09E5}.Debug|Any CPU.ActiveCfg = Debug|Any CPU
		{93AD0514-8CB0-47C2-B18E-44E283FD09E5}.Debug|Any CPU.Build.0 = Debug|Any CPU
		{93AD0514-8CB0-47C2-B18E-44E283FD09E5}.Release|Any CPU.ActiveCfg = Release|Any CPU
		{93AD0514-8CB0-47C2-B18E-44E283FD09E5}.Release|Any CPU.Build.0 = Release|Any CPU
	EndGlobalSection
	GlobalSection(SolutionProperties) = preSolution
		HideSolutionNode = FALSE
	EndGlobalSection
	GlobalSection(ExtensibilityGlobals) = postSolution
		SolutionGuid = {4EBB0C3C-2CB6-4871-A980-70A6EE72E06A}
	EndGlobalSection
EndGlobal
